{
  "projects": [
    {
      "projectId": "9Vr5YWkf3w7jj6SsTcCEta",
      "version": "0.13.0",
      "dependencies": {},
      "lang": "ts",
      "fileLocks": [
        {
          "assetId": "9Vr5YWkf3w7jj6SsTcCEta",
          "type": "projectCss",
          "checksum": "1c02168c6b23256606111fdfdbb63549"
        }
      ],
      "codegenVersion": "0.0.1"
    },
    {
      "projectId": "jkU633o1Cz7HrJdwdxhVHk",
      "version": "16.13.0",
      "dependencies": {},
      "lang": "ts",
      "fileLocks": [
        {
          "assetId": "jkU633o1Cz7HrJdwdxhVHk",
          "type": "projectCss",
          "checksum": "cf57d229ecea50678d9d8d3bc0e3dd9b"
        }
      ],
      "codegenVersion": "0.0.1"
    },
    {
      "projectId": "gmeH6XgPaBtkt51HunAo4g",
      "version": "18.17.0",
      "dependencies": {},
      "lang": "ts",
      "fileLocks": [
        {
          "assetId": "gmeH6XgPaBtkt51HunAo4g",
          "type": "projectCss",
          "checksum": "1c02168c6b23256606111fdfdbb63549"
        }
      ],
      "codegenVersion": "0.0.1"
    },
    {
      "projectId": "ohDidvG9XsCeFumugENU3J",
      "version": "6.29.0",
      "dependencies": {},
      "lang": "ts",
      "fileLocks": [
        {
          "assetId": "ohDidvG9XsCeFumugENU3J",
          "type": "projectCss",
          "checksum": "ba2a60a163fca4f4d510275088a2be53"
        },
        {
          "assetId": "ohDidvG9XsCeFumugENU3J",
          "checksum": "f9cc098ce5640eefe7d9edb8470a210c",
          "type": "globalContexts"
        }
      ],
      "codegenVersion": "0.0.1"
    },
    {
      "projectId": "43GLDCvnvwFaSntiZWsgtz",
      "version": "latest",
      "dependencies": {
        "ohDidvG9XsCeFumugENU3J": "6.29.0",
        "gmeH6XgPaBtkt51HunAo4g": "18.17.0",
        "jkU633o1Cz7HrJdwdxhVHk": "16.13.0",
        "9Vr5YWkf3w7jj6SsTcCEta": "0.13.0",
        "caTPwKxj5ZrD9LQ7DMdK4Z": "3.40.0",
        "8PtdGodUbexNYgkuyBUcWu": "3.27.0"
      },
      "lang": "ts",
      "fileLocks": [
        {
          "type": "globalVariant",
          "assetId": "Iz19XCyodOuv",
          "checksum": "43ddf0ea5a6e52a3255d195be2a1e418"
        },
        {
          "assetId": "43GLDCvnvwFaSntiZWsgtz",
          "checksum": "2003c03951c3e0aebf222e87d9785e15",
          "type": "globalContexts"
        },
        {
          "type": "renderModule",
          "assetId": "jI-x_NzEFX2Q",
          "checksum": "4b97fb402550ac9c2ebde611a469efa0"
        },
        {
          "type": "cssRules",
          "assetId": "jI-x_NzEFX2Q",
          "checksum": "4b97fb402550ac9c2ebde611a469efa0"
        },
        {
          "type": "renderModule",
          "assetId": "NXXR6Sd3NRz9",
          "checksum": "7e9de2827a3e41dcb413672bcfccd45a"
        },
        {
          "type": "cssRules",
          "assetId": "NXXR6Sd3NRz9",
          "checksum": "7e9de2827a3e41dcb413672bcfccd45a"
        },
        {
          "type": "renderModule",
          "assetId": "C7vQjd45FbsY",
          "checksum": "76c5f55d3d50d95f6dc3d302048aaf52"
        },
        {
          "type": "cssRules",
          "assetId": "C7vQjd45FbsY",
          "checksum": "76c5f55d3d50d95f6dc3d302048aaf52"
        },
        {
          "type": "renderModule",
          "assetId": "TM1IOUI2mayj",
          "checksum": "502ea07076823b2e6abf62951cef0b7c"
        },
        {
          "type": "cssRules",
          "assetId": "TM1IOUI2mayj",
          "checksum": "502ea07076823b2e6abf62951cef0b7c"
        },
        {
          "type": "renderModule",
          "assetId": "nZE9I1cVKuM7",
          "checksum": "81bbddd91de20a738c31acd4cf157b2b"
        },
        {
          "type": "cssRules",
          "assetId": "nZE9I1cVKuM7",
          "checksum": "81bbddd91de20a738c31acd4cf157b2b"
        },
        {
          "type": "renderModule",
          "assetId": "9fgJVBRabwM8",
          "checksum": "d2b7653c9b77b7440d7bf037121dc2de"
        },
        {
          "type": "cssRules",
          "assetId": "9fgJVBRabwM8",
          "checksum": "d2b7653c9b77b7440d7bf037121dc2de"
        },
        {
          "type": "icon",
          "assetId": "yZz0P1JDPQwS",
          "checksum": "19c2af5d802c034bdd07a8c63770eb84"
        },
        {
          "type": "icon",
          "assetId": "-jkcn7GwAM4v",
          "checksum": "006c1bb9b079e24dae61d4e55cce8670"
        },
        {
          "type": "icon",
          "assetId": "9jWhbyexBI6r",
          "checksum": "44ccd685ab1c128d34981a87a37ae9a6"
        },
        {
          "type": "icon",
          "assetId": "dwMGBRl-2IC3",
          "checksum": "4e440abd7ccff806de6ed2377d6910e3"
        },
        {
          "type": "image",
          "assetId": "dIW6OM0PLmsY",
          "checksum": "797acde5c5e2eb4197828a2ef45ebe39"
        },
        {
          "type": "image",
          "assetId": "VloFU9qPmghG",
          "checksum": "464518db1046c0a0d53e86a4cbb0b550"
        },
        {
          "type": "renderModule",
          "assetId": "GK49OJrlqKX0",
          "checksum": "58c61a747c977a78b07472d9c85dcdce"
        },
        {
          "type": "cssRules",
          "assetId": "GK49OJrlqKX0",
          "checksum": "58c61a747c977a78b07472d9c85dcdce"
        },
        {
          "type": "renderModule",
          "assetId": "ZnrbZI7AiPSe",
          "checksum": "ad7a634faa3ddc02dd3590bb0241d7e3"
        },
        {
          "type": "cssRules",
          "assetId": "ZnrbZI7AiPSe",
          "checksum": "ad7a634faa3ddc02dd3590bb0241d7e3"
        },
        {
          "type": "icon",
          "assetId": "N3QPeGSqpqGp",
          "checksum": "b2aa76ed2bca75cfaa737800b2cd57bf"
        },
        {
          "type": "image",
          "assetId": "ZyC3T49anLV1",
          "checksum": "a78435e0dee59efa3cca5a45df4ad946"
        },
        {
          "type": "renderModule",
          "assetId": "m2GTXt4vxv0i",
          "checksum": "fda3de0a5c736b4668a7b0a61e38edc5"
        },
        {
          "type": "cssRules",
          "assetId": "m2GTXt4vxv0i",
          "checksum": "fda3de0a5c736b4668a7b0a61e38edc5"
        },
        {
          "type": "renderModule",
          "assetId": "f9TmdLYt-K-T",
          "checksum": "c76c6f45ea4783d12fb1030d27e16ec4"
        },
        {
          "type": "cssRules",
          "assetId": "f9TmdLYt-K-T",
          "checksum": "c76c6f45ea4783d12fb1030d27e16ec4"
        },
        {
          "type": "image",
          "assetId": "iMThvdwx3xfa",
          "checksum": "ed61571dc0741a79d9cfb44982e0220d"
        },
        {
          "type": "image",
          "assetId": "mmxUNKr_yWdM",
          "checksum": "dd0a43d7aec10bfc24dc96231cb189ae"
        },
        {
          "assetId": "43GLDCvnvwFaSntiZWsgtz",
          "type": "projectCss",
          "checksum": "fbb15f38a4e2a798af194c4d1a38faa9"
        },
        {
          "type": "renderModule",
          "assetId": "iHF5mzpi9EOp",
          "checksum": "c0a49e5c41a53dcd27cca135180dfea1"
        },
        {
          "type": "cssRules",
          "assetId": "iHF5mzpi9EOp",
          "checksum": "c0a49e5c41a53dcd27cca135180dfea1"
        },
        {
          "type": "renderModule",
          "assetId": "O-sghQX8hMHX",
          "checksum": "2420153dc419436e72497e219f7359f2"
        },
        {
          "type": "cssRules",
          "assetId": "O-sghQX8hMHX",
          "checksum": "2420153dc419436e72497e219f7359f2"
        },
        {
          "type": "renderModule",
          "assetId": "tmqQ5piW84LA",
          "checksum": "b6cb6102a45b11953c4cfaae640e90ec"
        },
        {
          "type": "cssRules",
          "assetId": "tmqQ5piW84LA",
          "checksum": "b6cb6102a45b11953c4cfaae640e90ec"
        },
        {
          "type": "renderModule",
          "assetId": "N1YDHbC1ATYR",
          "checksum": "5371ee90fc3cb9a6534f3a3b84583471"
        },
        {
          "type": "cssRules",
          "assetId": "N1YDHbC1ATYR",
          "checksum": "5371ee90fc3cb9a6534f3a3b84583471"
        },
        {
          "type": "renderModule",
          "assetId": "joIABjGqCAml",
          "checksum": "ad2433823badb0f7b9ba72030f092e2a"
        },
        {
          "type": "cssRules",
          "assetId": "joIABjGqCAml",
          "checksum": "ad2433823badb0f7b9ba72030f092e2a"
        },
        {
          "type": "renderModule",
          "assetId": "Rgp-m8eUJXH4",
          "checksum": "353bad8e6f00014e18e017342f236b62"
        },
        {
          "type": "cssRules",
          "assetId": "Rgp-m8eUJXH4",
          "checksum": "353bad8e6f00014e18e017342f236b62"
        },
        {
          "type": "renderModule",
          "assetId": "BbsWOL7vwd6t",
          "checksum": "50777f77417c19f91c1ae78bf79b093f"
        },
        {
          "type": "cssRules",
          "assetId": "BbsWOL7vwd6t",
          "checksum": "50777f77417c19f91c1ae78bf79b093f"
        },
        {
          "type": "renderModule",
          "assetId": "ibpajX8Tzc8B",
          "checksum": "8d8fcc9bf38485123ae09f85ea644fe9"
        },
        {
          "type": "cssRules",
          "assetId": "ibpajX8Tzc8B",
          "checksum": "8d8fcc9bf38485123ae09f85ea644fe9"
        },
        {
          "type": "renderModule",
          "assetId": "4U1b-kLhmXSd",
          "checksum": "59a945234bcec14ca38916963b06cb40"
        },
        {
          "type": "cssRules",
          "assetId": "4U1b-kLhmXSd",
          "checksum": "59a945234bcec14ca38916963b06cb40"
        },
        {
          "type": "renderModule",
          "assetId": "VdQlfS0FVA_-",
          "checksum": "fa330ce7383c911a1239cca6064626d1"
        },
        {
          "type": "cssRules",
          "assetId": "VdQlfS0FVA_-",
          "checksum": "fa330ce7383c911a1239cca6064626d1"
        }
      ],
      "codegenVersion": "0.0.1"
    },
    {
      "projectId": "caTPwKxj5ZrD9LQ7DMdK4Z",
      "version": "3.40.0",
      "dependencies": {},
      "lang": "ts",
      "fileLocks": [
        {
          "assetId": "caTPwKxj5ZrD9LQ7DMdK4Z",
          "type": "projectCss",
          "checksum": "1c02168c6b23256606111fdfdbb63549"
        }
      ],
      "codegenVersion": "0.0.1"
    },
    {
      "projectId": "8PtdGodUbexNYgkuyBUcWu",
      "version": "3.27.0",
      "dependencies": {},
      "lang": "ts",
      "fileLocks": [
        {
          "assetId": "8PtdGodUbexNYgkuyBUcWu",
          "type": "projectCss",
          "checksum": "9440f91b1e8169311ba244276a5922c3"
        },
        {
          "assetId": "8PtdGodUbexNYgkuyBUcWu",
          "checksum": "73535dd5df0b6752ddefce5a51e0fa5e",
          "type": "globalContexts"
        }
      ],
      "codegenVersion": "0.0.1"
    }
  ],
  "cliVersion": "0.1.337"
}
