{
  "projects": [
    {
      "projectId": "9Vr5YWkf3w7jj6SsTcCEta",
      "version": "0.13.0",
      "dependencies": {},
      "lang": "ts",
      "fileLocks": [
        {
          "assetId": "9Vr5YWkf3w7jj6SsTcCEta",
          "type": "projectCss",
          "checksum": "1c02168c6b23256606111fdfdbb63549"
        }
      ],
      "codegenVersion": "0.0.1"
    },
    {
      "projectId": "jkU633o1Cz7HrJdwdxhVHk",
      "version": "16.13.0",
      "dependencies": {},
      "lang": "ts",
      "fileLocks": [
        {
          "assetId": "jkU633o1Cz7HrJdwdxhVHk",
          "type": "projectCss",
          "checksum": "cf57d229ecea50678d9d8d3bc0e3dd9b"
        }
      ],
      "codegenVersion": "0.0.1"
    },
    {
      "projectId": "gmeH6XgPaBtkt51HunAo4g",
      "version": "18.16.0",
      "dependencies": {},
      "lang": "ts",
      "fileLocks": [
        {
          "assetId": "gmeH6XgPaBtkt51HunAo4g",
          "type": "projectCss",
          "checksum": "1c02168c6b23256606111fdfdbb63549"
        }
      ],
      "codegenVersion": "0.0.1"
    },
    {
      "projectId": "ohDidvG9XsCeFumugENU3J",
      "version": "6.29.0",
      "dependencies": {},
      "lang": "ts",
      "fileLocks": [
        {
          "assetId": "ohDidvG9XsCeFumugENU3J",
          "type": "projectCss",
          "checksum": "ba2a60a163fca4f4d510275088a2be53"
        },
        {
          "assetId": "ohDidvG9XsCeFumugENU3J",
          "checksum": "f9cc098ce5640eefe7d9edb8470a210c",
          "type": "globalContexts"
        }
      ],
      "codegenVersion": "0.0.1"
    },
    {
      "projectId": "43GLDCvnvwFaSntiZWsgtz",
      "version": "latest",
      "dependencies": {
        "ohDidvG9XsCeFumugENU3J": "6.29.0",
        "gmeH6XgPaBtkt51HunAo4g": "18.16.0",
        "jkU633o1Cz7HrJdwdxhVHk": "16.13.0",
        "9Vr5YWkf3w7jj6SsTcCEta": "0.13.0"
      },
      "lang": "ts",
      "fileLocks": [
        {
          "type": "globalVariant",
          "assetId": "Iz19XCyodOuv",
          "checksum": "43ddf0ea5a6e52a3255d195be2a1e418"
        },
        {
          "assetId": "43GLDCvnvwFaSntiZWsgtz",
          "checksum": "1efa191dd891e9ea4e147a78b8886742",
          "type": "globalContexts"
        },
        {
          "type": "renderModule",
          "assetId": "iHF5mzpi9EOp",
          "checksum": "43e83212f52cb388c794e8a4681fb488"
        },
        {
          "type": "cssRules",
          "assetId": "iHF5mzpi9EOp",
          "checksum": "43e83212f52cb388c794e8a4681fb488"
        },
        {
          "type": "renderModule",
          "assetId": "O-sghQX8hMHX",
          "checksum": "475ae4475173408bac6d3c745314e139"
        },
        {
          "type": "cssRules",
          "assetId": "O-sghQX8hMHX",
          "checksum": "475ae4475173408bac6d3c745314e139"
        },
        {
          "type": "renderModule",
          "assetId": "tmqQ5piW84LA",
          "checksum": "12e6660a904a7970e0cfd7cc353a642a"
        },
        {
          "type": "cssRules",
          "assetId": "tmqQ5piW84LA",
          "checksum": "12e6660a904a7970e0cfd7cc353a642a"
        },
        {
          "type": "renderModule",
          "assetId": "jI-x_NzEFX2Q",
          "checksum": "0702fe78f3f03acd8b8f83666e6b3ae3"
        },
        {
          "type": "cssRules",
          "assetId": "jI-x_NzEFX2Q",
          "checksum": "0702fe78f3f03acd8b8f83666e6b3ae3"
        },
        {
          "type": "renderModule",
          "assetId": "NXXR6Sd3NRz9",
          "checksum": "a2bb21b9c289501a639e634e7c7fdabb"
        },
        {
          "type": "cssRules",
          "assetId": "NXXR6Sd3NRz9",
          "checksum": "a2bb21b9c289501a639e634e7c7fdabb"
        },
        {
          "type": "renderModule",
          "assetId": "C7vQjd45FbsY",
          "checksum": "1fd5200c0e49357f9ffce1e2ffe6ae57"
        },
        {
          "type": "cssRules",
          "assetId": "C7vQjd45FbsY",
          "checksum": "1fd5200c0e49357f9ffce1e2ffe6ae57"
        },
        {
          "type": "renderModule",
          "assetId": "TM1IOUI2mayj",
          "checksum": "b1d404f0f7e3b6638679eb692fb5f61e"
        },
        {
          "type": "cssRules",
          "assetId": "TM1IOUI2mayj",
          "checksum": "b1d404f0f7e3b6638679eb692fb5f61e"
        },
        {
          "type": "renderModule",
          "assetId": "nZE9I1cVKuM7",
          "checksum": "e00bba70c10ad553992892fc3c5206b2"
        },
        {
          "type": "cssRules",
          "assetId": "nZE9I1cVKuM7",
          "checksum": "e00bba70c10ad553992892fc3c5206b2"
        },
        {
          "type": "renderModule",
          "assetId": "9fgJVBRabwM8",
          "checksum": "c355a0ce9ef159b0a877634bc0e004af"
        },
        {
          "type": "cssRules",
          "assetId": "9fgJVBRabwM8",
          "checksum": "c355a0ce9ef159b0a877634bc0e004af"
        },
        {
          "type": "renderModule",
          "assetId": "N1YDHbC1ATYR",
          "checksum": "18eab7604161ee8868375978947cfca4"
        },
        {
          "type": "cssRules",
          "assetId": "N1YDHbC1ATYR",
          "checksum": "18eab7604161ee8868375978947cfca4"
        },
        {
          "type": "renderModule",
          "assetId": "joIABjGqCAml",
          "checksum": "f8057ea26237c08c5ad1b600587e75ac"
        },
        {
          "type": "cssRules",
          "assetId": "joIABjGqCAml",
          "checksum": "f8057ea26237c08c5ad1b600587e75ac"
        },
        {
          "type": "renderModule",
          "assetId": "Rgp-m8eUJXH4",
          "checksum": "2bd9aa98747384f493998c1e97342ab4"
        },
        {
          "type": "cssRules",
          "assetId": "Rgp-m8eUJXH4",
          "checksum": "2bd9aa98747384f493998c1e97342ab4"
        },
        {
          "type": "renderModule",
          "assetId": "BbsWOL7vwd6t",
          "checksum": "b3f9906f3679aff5fee757907c77930d"
        },
        {
          "type": "cssRules",
          "assetId": "BbsWOL7vwd6t",
          "checksum": "b3f9906f3679aff5fee757907c77930d"
        },
        {
          "type": "icon",
          "assetId": "yZz0P1JDPQwS",
          "checksum": "19c2af5d802c034bdd07a8c63770eb84"
        },
        {
          "type": "icon",
          "assetId": "-jkcn7GwAM4v",
          "checksum": "006c1bb9b079e24dae61d4e55cce8670"
        },
        {
          "type": "icon",
          "assetId": "9jWhbyexBI6r",
          "checksum": "44ccd685ab1c128d34981a87a37ae9a6"
        },
        {
          "type": "icon",
          "assetId": "dwMGBRl-2IC3",
          "checksum": "4e440abd7ccff806de6ed2377d6910e3"
        },
        {
          "type": "image",
          "assetId": "dIW6OM0PLmsY",
          "checksum": "797acde5c5e2eb4197828a2ef45ebe39"
        },
        {
          "type": "image",
          "assetId": "VloFU9qPmghG",
          "checksum": "464518db1046c0a0d53e86a4cbb0b550"
        },
        {
          "assetId": "43GLDCvnvwFaSntiZWsgtz",
          "type": "projectCss",
          "checksum": "42c9624131bccd47056c542ff9970cb3"
        }
      ],
      "codegenVersion": "0.0.1"
    }
  ],
  "cliVersion": "0.1.337"
}
