{
  "projects": [
    {
      "projectId": "9Vr5YWkf3w7jj6SsTcCEta",
      "version": "0.18.0",
      "dependencies": {},
      "lang": "ts",
      "fileLocks": [
        {
          "assetId": "9Vr5YWkf3w7jj6SsTcCEta",
          "type": "projectCss",
          "checksum": "fd97b5780f8a68a1561c8818e6d31f40"
        },
        {
          "assetId": "9Vr5YWkf3w7jj6SsTcCEta",
          "checksum": "1c6fc7dbbeaaf0545ebb544b449ee822",
          "type": "projectModule"
        },
        {
          "assetId": "9Vr5YWkf3w7jj6SsTcCEta",
          "checksum": "5f0ee27bcc9dde25f0a1e95f3a1f9280",
          "type": "styleTokensProvider"
        }
      ],
      "codegenVersion": "0.0.2"
    },
    {
      "projectId": "jkU633o1Cz7HrJdwdxhVHk",
      "version": "16.18.0",
      "dependencies": {},
      "lang": "ts",
      "fileLocks": [
        {
          "assetId": "jkU633o1Cz7HrJdwdxhVHk",
          "type": "projectCss",
          "checksum": "4250322c58aeb54fc6ad8403fde2b31b"
        },
        {
          "assetId": "jkU633o1Cz7HrJdwdxhVHk",
          "checksum": "320a7a2228b83755d4ac8d326d058d87",
          "type": "projectModule"
        },
        {
          "assetId": "jkU633o1Cz7HrJdwdxhVHk",
          "checksum": "81a28d26cdb269ad6e62d0e61231851d",
          "type": "styleTokensProvider"
        }
      ],
      "codegenVersion": "0.0.2"
    },
    {
      "projectId": "gmeH6XgPaBtkt51HunAo4g",
      "version": "18.25.0",
      "dependencies": {},
      "lang": "ts",
      "fileLocks": [
        {
          "assetId": "gmeH6XgPaBtkt51HunAo4g",
          "type": "projectCss",
          "checksum": "fd97b5780f8a68a1561c8818e6d31f40"
        },
        {
          "assetId": "gmeH6XgPaBtkt51HunAo4g",
          "checksum": "b257914c183ee7b8f06149f466106930",
          "type": "projectModule"
        },
        {
          "assetId": "gmeH6XgPaBtkt51HunAo4g",
          "checksum": "2761cb86563caae329d2f632cfefa8f5",
          "type": "styleTokensProvider"
        }
      ],
      "codegenVersion": "0.0.2"
    },
    {
      "projectId": "ohDidvG9XsCeFumugENU3J",
      "version": "6.34.0",
      "dependencies": {},
      "lang": "ts",
      "fileLocks": [
        {
          "assetId": "ohDidvG9XsCeFumugENU3J",
          "checksum": "f35a7050af9ad27b5adac4d101d88037",
          "type": "globalContexts"
        },
        {
          "assetId": "ohDidvG9XsCeFumugENU3J",
          "type": "projectCss",
          "checksum": "90d914ab6827da8f06873ac8ab81cbfa"
        },
        {
          "assetId": "ohDidvG9XsCeFumugENU3J",
          "checksum": "c425737058d1ac29382a23e54666cb69",
          "type": "projectModule"
        },
        {
          "assetId": "ohDidvG9XsCeFumugENU3J",
          "checksum": "220d8db3ee1a6eca080affb2e5d2e314",
          "type": "styleTokensProvider"
        }
      ],
      "codegenVersion": "0.0.2"
    },
    {
      "projectId": "43GLDCvnvwFaSntiZWsgtz",
      "version": "latest",
      "dependencies": {
        "ohDidvG9XsCeFumugENU3J": "6.34.0",
        "gmeH6XgPaBtkt51HunAo4g": "18.25.0",
        "jkU633o1Cz7HrJdwdxhVHk": "16.18.0",
        "9Vr5YWkf3w7jj6SsTcCEta": "0.18.0",
        "caTPwKxj5ZrD9LQ7DMdK4Z": "3.45.0",
        "8PtdGodUbexNYgkuyBUcWu": "3.32.0"
      },
      "lang": "ts",
      "fileLocks": [
        {
          "type": "globalVariant",
          "assetId": "Iz19XCyodOuv",
          "checksum": "c471ce663d86749b40304864dcc644c2"
        },
        {
          "assetId": "43GLDCvnvwFaSntiZWsgtz",
          "checksum": "a43504b6586f7d8b7757d4657d205005",
          "type": "globalContexts"
        },
        {
          "type": "renderModule",
          "assetId": "jI-x_NzEFX2Q",
          "checksum": "233597f9c3d89a936743bd6bb536d0c9"
        },
        {
          "type": "cssRules",
          "assetId": "jI-x_NzEFX2Q",
          "checksum": "233597f9c3d89a936743bd6bb536d0c9"
        },
        {
          "type": "renderModule",
          "assetId": "NXXR6Sd3NRz9",
          "checksum": "dc522550aa9bc2739c2c197817b8af5f"
        },
        {
          "type": "cssRules",
          "assetId": "NXXR6Sd3NRz9",
          "checksum": "dc522550aa9bc2739c2c197817b8af5f"
        },
        {
          "type": "renderModule",
          "assetId": "C7vQjd45FbsY",
          "checksum": "132adece6a46e825891c686cdbb4e2a5"
        },
        {
          "type": "cssRules",
          "assetId": "C7vQjd45FbsY",
          "checksum": "132adece6a46e825891c686cdbb4e2a5"
        },
        {
          "type": "renderModule",
          "assetId": "TM1IOUI2mayj",
          "checksum": "ef35dab23f182606c6441e3231251dcc"
        },
        {
          "type": "cssRules",
          "assetId": "TM1IOUI2mayj",
          "checksum": "ef35dab23f182606c6441e3231251dcc"
        },
        {
          "type": "renderModule",
          "assetId": "nZE9I1cVKuM7",
          "checksum": "3ff65e93b34ccffb72e111ea94049699"
        },
        {
          "type": "cssRules",
          "assetId": "nZE9I1cVKuM7",
          "checksum": "3ff65e93b34ccffb72e111ea94049699"
        },
        {
          "type": "renderModule",
          "assetId": "9fgJVBRabwM8",
          "checksum": "d005e4c584fcee727f7f60c69ae8b8b4"
        },
        {
          "type": "cssRules",
          "assetId": "9fgJVBRabwM8",
          "checksum": "d005e4c584fcee727f7f60c69ae8b8b4"
        },
        {
          "type": "icon",
          "assetId": "yZz0P1JDPQwS",
          "checksum": "19c2af5d802c034bdd07a8c63770eb84"
        },
        {
          "type": "icon",
          "assetId": "-jkcn7GwAM4v",
          "checksum": "006c1bb9b079e24dae61d4e55cce8670"
        },
        {
          "type": "icon",
          "assetId": "9jWhbyexBI6r",
          "checksum": "44ccd685ab1c128d34981a87a37ae9a6"
        },
        {
          "type": "icon",
          "assetId": "dwMGBRl-2IC3",
          "checksum": "4e440abd7ccff806de6ed2377d6910e3"
        },
        {
          "type": "image",
          "assetId": "dIW6OM0PLmsY",
          "checksum": "797acde5c5e2eb4197828a2ef45ebe39"
        },
        {
          "type": "image",
          "assetId": "VloFU9qPmghG",
          "checksum": "464518db1046c0a0d53e86a4cbb0b550"
        },
        {
          "type": "renderModule",
          "assetId": "GK49OJrlqKX0",
          "checksum": "189088e75af66fc8f418245548325558"
        },
        {
          "type": "cssRules",
          "assetId": "GK49OJrlqKX0",
          "checksum": "189088e75af66fc8f418245548325558"
        },
        {
          "type": "renderModule",
          "assetId": "ZnrbZI7AiPSe",
          "checksum": "6f99f18cb517061c78efa3caf41f37df"
        },
        {
          "type": "cssRules",
          "assetId": "ZnrbZI7AiPSe",
          "checksum": "6f99f18cb517061c78efa3caf41f37df"
        },
        {
          "type": "icon",
          "assetId": "N3QPeGSqpqGp",
          "checksum": "b2aa76ed2bca75cfaa737800b2cd57bf"
        },
        {
          "type": "image",
          "assetId": "ZyC3T49anLV1",
          "checksum": "a78435e0dee59efa3cca5a45df4ad946"
        },
        {
          "type": "renderModule",
          "assetId": "m2GTXt4vxv0i",
          "checksum": "12b291fdf61c533c8c3b765db7dff9bf"
        },
        {
          "type": "cssRules",
          "assetId": "m2GTXt4vxv0i",
          "checksum": "12b291fdf61c533c8c3b765db7dff9bf"
        },
        {
          "type": "renderModule",
          "assetId": "f9TmdLYt-K-T",
          "checksum": "bca15fa920ab7353ba495898922957b1"
        },
        {
          "type": "cssRules",
          "assetId": "f9TmdLYt-K-T",
          "checksum": "bca15fa920ab7353ba495898922957b1"
        },
        {
          "type": "image",
          "assetId": "iMThvdwx3xfa",
          "checksum": "ed61571dc0741a79d9cfb44982e0220d"
        },
        {
          "type": "image",
          "assetId": "mmxUNKr_yWdM",
          "checksum": "dd0a43d7aec10bfc24dc96231cb189ae"
        },
        {
          "type": "icon",
          "assetId": "AT3U1U2gTxsA",
          "checksum": "012873b748876bbda6ca64599cc4d507"
        },
        {
          "type": "renderModule",
          "assetId": "Itd9tHC_WCDz",
          "checksum": "115a980c3cc50e8697324d734f792524"
        },
        {
          "type": "cssRules",
          "assetId": "Itd9tHC_WCDz",
          "checksum": "115a980c3cc50e8697324d734f792524"
        },
        {
          "type": "renderModule",
          "assetId": "lU_2619e8-pr",
          "checksum": "38e5b6f1ddd956e07bbd0cc1a2006540"
        },
        {
          "type": "cssRules",
          "assetId": "lU_2619e8-pr",
          "checksum": "38e5b6f1ddd956e07bbd0cc1a2006540"
        },
        {
          "type": "renderModule",
          "assetId": "HQ7S7EYcQqWT",
          "checksum": "3b224850a08373a2daad78378c56ac62"
        },
        {
          "type": "cssRules",
          "assetId": "HQ7S7EYcQqWT",
          "checksum": "3b224850a08373a2daad78378c56ac62"
        },
        {
          "type": "renderModule",
          "assetId": "KRlgGOfWJ9fO",
          "checksum": "94ff69e5ba6c959cb82d211406d40af9"
        },
        {
          "type": "cssRules",
          "assetId": "KRlgGOfWJ9fO",
          "checksum": "94ff69e5ba6c959cb82d211406d40af9"
        },
        {
          "type": "renderModule",
          "assetId": "i0WiHoCDrVSU",
          "checksum": "5245796b6772ad989d52e07e2f52c7d1"
        },
        {
          "type": "cssRules",
          "assetId": "i0WiHoCDrVSU",
          "checksum": "5245796b6772ad989d52e07e2f52c7d1"
        },
        {
          "type": "renderModule",
          "assetId": "J2TEJwh_0pP5",
          "checksum": "7e1a13de259c51929e1d09bbf3ee51ac"
        },
        {
          "type": "cssRules",
          "assetId": "J2TEJwh_0pP5",
          "checksum": "7e1a13de259c51929e1d09bbf3ee51ac"
        },
        {
          "type": "renderModule",
          "assetId": "u5QUcEvtH2vy",
          "checksum": "672348ce9ea7d32dff75dc2a4ab96594"
        },
        {
          "type": "cssRules",
          "assetId": "u5QUcEvtH2vy",
          "checksum": "672348ce9ea7d32dff75dc2a4ab96594"
        },
        {
          "type": "renderModule",
          "assetId": "DoqLM-i_9RsN",
          "checksum": "407febd1c9ecc77decf80eb15d091507"
        },
        {
          "type": "cssRules",
          "assetId": "DoqLM-i_9RsN",
          "checksum": "407febd1c9ecc77decf80eb15d091507"
        },
        {
          "type": "renderModule",
          "assetId": "UlE2KW6T6NZS",
          "checksum": "90852677f26199dc0d7718e6462b4429"
        },
        {
          "type": "cssRules",
          "assetId": "UlE2KW6T6NZS",
          "checksum": "90852677f26199dc0d7718e6462b4429"
        },
        {
          "type": "renderModule",
          "assetId": "k-Qv5DzxGbDH",
          "checksum": "e384f7ffba7a676c2290b64e0182c5fc"
        },
        {
          "type": "cssRules",
          "assetId": "k-Qv5DzxGbDH",
          "checksum": "e384f7ffba7a676c2290b64e0182c5fc"
        },
        {
          "type": "icon",
          "assetId": "3o0PCMbs4nW9",
          "checksum": "e250d55704e27f361b1407ab6dd5495b"
        },
        {
          "type": "icon",
          "assetId": "SkbFakqezrvv",
          "checksum": "5083efee8ee3c9a7a0f2b32cd51a9793"
        },
        {
          "type": "icon",
          "assetId": "_qXKnOYU_rli",
          "checksum": "fc9365b5d696d05ca0655927449965a0"
        },
        {
          "type": "icon",
          "assetId": "fQ-wmBOjvVKq",
          "checksum": "161367bc4676c5592c45c457d04d33fa"
        },
        {
          "type": "icon",
          "assetId": "vZOerV2r8lMw",
          "checksum": "1f93ba6f001e268960d6c9133bc32b0b"
        },
        {
          "type": "icon",
          "assetId": "c9Rmwtu2bA54",
          "checksum": "f33b2527dd432eca3f08d62f9baaaf44"
        },
        {
          "type": "icon",
          "assetId": "jkQ1pOWd7e68",
          "checksum": "3bccc6eecc59fa83dd4a90f2278bdac0"
        },
        {
          "type": "icon",
          "assetId": "muD8YxMlc6wY",
          "checksum": "3eec8e593ae2ba3cc474f5bdfe557ffe"
        },
        {
          "type": "icon",
          "assetId": "IuQNgVybgFcd",
          "checksum": "cee5eb157fe497f1ca2d2fd61a035a4a"
        },
        {
          "type": "icon",
          "assetId": "uaMlfHxKNi5f",
          "checksum": "cc7fa37cc225ee4c1a8118ed69040465"
        },
        {
          "type": "icon",
          "assetId": "IG49PCNfzFCB",
          "checksum": "fab881fda386ecb2f51ad581aaea0035"
        },
        {
          "type": "icon",
          "assetId": "0fflnDuvI7c1",
          "checksum": "75852efdc440bcd7b9cc852a7d0adbef"
        },
        {
          "type": "icon",
          "assetId": "dYXFQotiGoff",
          "checksum": "550a63ea4cab64e419182ff83e248c59"
        },
        {
          "type": "icon",
          "assetId": "fqIOvX4azUg2",
          "checksum": "d67f5a33463d73b01570132d2cf888c7"
        },
        {
          "type": "icon",
          "assetId": "NdSpYtsShF-m",
          "checksum": "f4e3cf6325e6a87f613d93974818bd1c"
        },
        {
          "type": "icon",
          "assetId": "CQpcpFiNaBOI",
          "checksum": "bd8e361248008097cca8a43b468b19ad"
        },
        {
          "type": "icon",
          "assetId": "QolWKAS9_Lau",
          "checksum": "14da96e95bce33ad1687a7cc082e603f"
        },
        {
          "type": "image",
          "assetId": "BS2riyTISJse",
          "checksum": "2feebee56848bb2201b843450bcc2669"
        },
        {
          "type": "image",
          "assetId": "rEVYtpDZz6dt",
          "checksum": "a13f611d1e201207292d53fcebb89534"
        },
        {
          "type": "image",
          "assetId": "i73QtovBQEmM",
          "checksum": "d16d75053f3ad25f0b8c787f8e402519"
        },
        {
          "type": "image",
          "assetId": "j7hwH9ttbfZa",
          "checksum": "58541d22f7fdc7db975d6eaa9e70898b"
        },
        {
          "type": "image",
          "assetId": "7QEeKHPlj11-",
          "checksum": "31b55b9782b5d7f73228fbab956386b7"
        },
        {
          "type": "image",
          "assetId": "atd5loIgr0jR",
          "checksum": "710a5da47173cc24de75b236d762a474"
        },
        {
          "type": "image",
          "assetId": "JmINSU66pSSI",
          "checksum": "7cdf3f832782af0f832fe123cbe7454b"
        },
        {
          "type": "image",
          "assetId": "f2tKwVWXlFSO",
          "checksum": "f6886fca3abafe5e68bc8c43a66033ab"
        },
        {
          "type": "image",
          "assetId": "9_UoSBOI9rfs",
          "checksum": "85feef1ebfc481bbc5bfbe217313da32"
        },
        {
          "type": "image",
          "assetId": "9W34WG_PncUX",
          "checksum": "a373c2ae59b3c8cfa63d0400024ef9cd"
        },
        {
          "type": "image",
          "assetId": "BJ14P1AbhODr",
          "checksum": "2b255972231ada565bb56f7699e00a46"
        },
        {
          "assetId": "43GLDCvnvwFaSntiZWsgtz",
          "checksum": "9d490b8d6fbf7d3ff4016727651eebb7",
          "type": "projectModule"
        },
        {
          "assetId": "43GLDCvnvwFaSntiZWsgtz",
          "checksum": "bac452a5f2dce97940bb42307ec311db",
          "type": "styleTokensProvider"
        },
        {
          "type": "renderModule",
          "assetId": "iHF5mzpi9EOp",
          "checksum": "f9a4c57f1a4218febb854be9f63fb49b"
        },
        {
          "type": "cssRules",
          "assetId": "iHF5mzpi9EOp",
          "checksum": "f9a4c57f1a4218febb854be9f63fb49b"
        },
        {
          "type": "renderModule",
          "assetId": "O-sghQX8hMHX",
          "checksum": "c8d25a63e21f7dfdbb11fc2095a574c8"
        },
        {
          "type": "cssRules",
          "assetId": "O-sghQX8hMHX",
          "checksum": "c8d25a63e21f7dfdbb11fc2095a574c8"
        },
        {
          "type": "renderModule",
          "assetId": "tmqQ5piW84LA",
          "checksum": "dcb778d8aa9a02d025d03cfb3b8916f2"
        },
        {
          "type": "cssRules",
          "assetId": "tmqQ5piW84LA",
          "checksum": "dcb778d8aa9a02d025d03cfb3b8916f2"
        },
        {
          "type": "renderModule",
          "assetId": "N1YDHbC1ATYR",
          "checksum": "7b12d59864f6d7ce66b4accb5976fc62"
        },
        {
          "type": "cssRules",
          "assetId": "N1YDHbC1ATYR",
          "checksum": "7b12d59864f6d7ce66b4accb5976fc62"
        },
        {
          "type": "renderModule",
          "assetId": "BbsWOL7vwd6t",
          "checksum": "c08d9179d4de3426d3696511c8d82be8"
        },
        {
          "type": "cssRules",
          "assetId": "BbsWOL7vwd6t",
          "checksum": "c08d9179d4de3426d3696511c8d82be8"
        },
        {
          "type": "renderModule",
          "assetId": "ibpajX8Tzc8B",
          "checksum": "c81126e64ee97926dff476501bb3b411"
        },
        {
          "type": "cssRules",
          "assetId": "ibpajX8Tzc8B",
          "checksum": "c81126e64ee97926dff476501bb3b411"
        },
        {
          "type": "renderModule",
          "assetId": "4U1b-kLhmXSd",
          "checksum": "f1ba2b7383831b417cf6c01800faee0e"
        },
        {
          "type": "cssRules",
          "assetId": "4U1b-kLhmXSd",
          "checksum": "f1ba2b7383831b417cf6c01800faee0e"
        },
        {
          "type": "renderModule",
          "assetId": "VdQlfS0FVA_-",
          "checksum": "28d93ab0aef4addded33c7800229cfb6"
        },
        {
          "type": "cssRules",
          "assetId": "VdQlfS0FVA_-",
          "checksum": "28d93ab0aef4addded33c7800229cfb6"
        },
        {
          "type": "renderModule",
          "assetId": "4MkgNp9BeNBY",
          "checksum": "59b9c4eb8666b2bb2e24b63795acc883"
        },
        {
          "type": "cssRules",
          "assetId": "4MkgNp9BeNBY",
          "checksum": "59b9c4eb8666b2bb2e24b63795acc883"
        },
        {
          "type": "renderModule",
          "assetId": "9bHtm1sDPX3Z",
          "checksum": "16ea8482a4259ff9d04c91723280522c"
        },
        {
          "type": "cssRules",
          "assetId": "9bHtm1sDPX3Z",
          "checksum": "16ea8482a4259ff9d04c91723280522c"
        },
        {
          "type": "renderModule",
          "assetId": "SDxc98dGIuBp",
          "checksum": "935b9fdbaa5c5ec635f051a64542ac4e"
        },
        {
          "type": "cssRules",
          "assetId": "SDxc98dGIuBp",
          "checksum": "935b9fdbaa5c5ec635f051a64542ac4e"
        },
        {
          "type": "renderModule",
          "assetId": "JFR469SKPh4F",
          "checksum": "878fc90b80dbebf0d92b0c2e737c84a1"
        },
        {
          "type": "cssRules",
          "assetId": "JFR469SKPh4F",
          "checksum": "878fc90b80dbebf0d92b0c2e737c84a1"
        },
        {
          "type": "renderModule",
          "assetId": "scyO_hkhBT6w",
          "checksum": "becb725a04b854b022589951dfe68397"
        },
        {
          "type": "cssRules",
          "assetId": "scyO_hkhBT6w",
          "checksum": "becb725a04b854b022589951dfe68397"
        },
        {
          "type": "renderModule",
          "assetId": "bepcGSmi0pMM",
          "checksum": "4f62615f27ea00867bdc92fe3beb3ca7"
        },
        {
          "type": "cssRules",
          "assetId": "bepcGSmi0pMM",
          "checksum": "4f62615f27ea00867bdc92fe3beb3ca7"
        },
        {
          "type": "renderModule",
          "assetId": "XKFrkAIa6kPS",
          "checksum": "8303674c8ddd40fa7dc1049e8b0e6ef2"
        },
        {
          "type": "cssRules",
          "assetId": "XKFrkAIa6kPS",
          "checksum": "8303674c8ddd40fa7dc1049e8b0e6ef2"
        },
        {
          "type": "renderModule",
          "assetId": "p-9qS4IsMfKz",
          "checksum": "5b768a0f8eb6de1e9a606abb74aca5c7"
        },
        {
          "type": "cssRules",
          "assetId": "p-9qS4IsMfKz",
          "checksum": "5b768a0f8eb6de1e9a606abb74aca5c7"
        },
        {
          "assetId": "43GLDCvnvwFaSntiZWsgtz",
          "type": "projectCss",
          "checksum": "117ce232aa3368aa261a144bac0f03dd"
        },
        {
          "type": "renderModule",
          "assetId": "mAAWjD89piFS",
          "checksum": "00c385d132f2b550a7f3140adf140e91"
        },
        {
          "type": "cssRules",
          "assetId": "mAAWjD89piFS",
          "checksum": "00c385d132f2b550a7f3140adf140e91"
        }
      ],
      "codegenVersion": "0.0.2"
    },
    {
      "projectId": "caTPwKxj5ZrD9LQ7DMdK4Z",
      "version": "3.45.0",
      "dependencies": {},
      "lang": "ts",
      "fileLocks": [
        {
          "assetId": "caTPwKxj5ZrD9LQ7DMdK4Z",
          "type": "projectCss",
          "checksum": "fd97b5780f8a68a1561c8818e6d31f40"
        },
        {
          "assetId": "caTPwKxj5ZrD9LQ7DMdK4Z",
          "checksum": "efdcd613ac98718578f9c563cd75fd38",
          "type": "projectModule"
        },
        {
          "assetId": "caTPwKxj5ZrD9LQ7DMdK4Z",
          "checksum": "786b5e9825dbcc9f57e650603b1b1624",
          "type": "styleTokensProvider"
        }
      ],
      "codegenVersion": "0.0.2"
    },
    {
      "projectId": "8PtdGodUbexNYgkuyBUcWu",
      "version": "3.32.0",
      "dependencies": {},
      "lang": "ts",
      "fileLocks": [
        {
          "assetId": "8PtdGodUbexNYgkuyBUcWu",
          "checksum": "c34deae3be4116372b8f09a576ea3a01",
          "type": "globalContexts"
        },
        {
          "assetId": "8PtdGodUbexNYgkuyBUcWu",
          "type": "projectCss",
          "checksum": "088414e6e971a72681288a050fb2f7d7"
        },
        {
          "assetId": "8PtdGodUbexNYgkuyBUcWu",
          "checksum": "23e35f9a7b22b3e265a5e7ef8ec77a00",
          "type": "projectModule"
        },
        {
          "assetId": "8PtdGodUbexNYgkuyBUcWu",
          "checksum": "f4648e6bffbe30fbcd5b6898f2f6f659",
          "type": "styleTokensProvider"
        }
      ],
      "codegenVersion": "0.0.2"
    }
  ],
  "cliVersion": "0.1.337"
}
